
Microsoft Visual Studio Solution File, Format Version 12.00
# Visual Studio Version 16
VisualStudioVersion = 16.0.31129.286
MinimumVisualStudioVersion = 10.0.40219.1
Project("{9A19103F-16F7-4668-BE54-9A1E7A4F7556}") = "SqlBulkLoader", "SqlBulkLoader\SqlBulkLoader.csproj", "{BECF4156-FF99-4EF1-B0C3-8CE0342328F5}"
EndProject
Project("{2150E333-8FDC-42A3-9474-1A3956D46DE8}") = "Solution Items", "Solution Items", "{284B3982-3C06-4744-B690-2044FA8157EB}"
	ProjectSection(SolutionItems) = preProject
		.editorconfig = .editorconfig
		.gitattributes = .gitattributes
		.gitignore = .gitignore
		Directory.Build.props = Directory.Build.props
		Directory.Build.targets = Directory.Build.targets
		LICENSE = LICENSE
		README.md = README.md
		SqlBulkLoader.ruleset = SqlBulkLoader.ruleset
		SqlBulkLoader.sln.DotSettings = SqlBulkLoader.sln.DotSettings
	EndProjectSection
EndProject
Global
	GlobalSection(SolutionConfigurationPlatforms) = preSolution
		Debug|Any CPU = Debug|Any CPU
		Release|Any CPU = Release|Any CPU
	EndGlobalSection
	GlobalSection(ProjectConfigurationPlatforms) = postSolution
		{BECF4156-FF99-4EF1-B0C3-8CE0342328F5}.Debug|Any CPU.ActiveCfg = Debug|Any CPU
		{BECF4156-FF99-4EF1-B0C3-8CE0342328F5}.Debug|Any CPU.Build.0 = Debug|Any CPU
		{BECF4156-FF99-4EF1-B0C3-8CE0342328F5}.Release|Any CPU.ActiveCfg = Release|Any CPU
		{BECF4156-FF99-4EF1-B0C3-8CE0342328F5}.Release|Any CPU.Build.0 = Release|Any CPU
	EndGlobalSection
	GlobalSection(SolutionProperties) = preSolution
		HideSolutionNode = FALSE
	EndGlobalSection
	GlobalSection(ExtensibilityGlobals) = postSolution
		SolutionGuid = {72F6CD71-1DE6-43DF-BBFF-B41B8A964023}
	EndGlobalSection
EndGlobal
